annotated/rvp_test_infile_converted_annotated.tsv
/home/daric/work_WGGC/SV_annotation/sv_nanotation_snake/data/full_database.bed
filtered/rvp_test_infile_converted_filtered.smap
converted/rvp_test_infile_converted_converted.smap
input/rvp_test_infile_converted.smap
input/rvp_test_infile_converted_header.tx
input/rvp_test_infile_converted.smap
