annotated/43781_assembly_151_variants_combine_filters_inMoleRefine1_annotated.csv
/home/daric/work_WGGC/SV_annotation/sv_nanotation_snake/data/test_db.bed
filtered/43781_assembly_151_variants_combine_filters_inMoleRefine1_filtered.smap
converted/43781_assembly_151_variants_combine_filters_inMoleRefine1_converted.smap
input/43781_assembly_151_variants_combine_filters_inMoleRefine1.smap
input/43781_assembly_151_variants_combine_filters_inMoleRefine1_header.tx
input/43781_assembly_151_variants_combine_filters_inMoleRefine1.smap
